
Microsoft Visual Studio Solution File, Format Version 12.00
# Visual Studio Version 17
VisualStudioVersion = 17.10.35201.131
MinimumVisualStudioVersion = 10.0.40219.1
Project("{9A19103F-16F7-4668-BE54-9A1E7A4F7556}") = "MyWeapon", "MyWeapon\MyWeapon.csproj", "{EEED0119-322E-4F44-9A56-B8A502AAEF66}"
EndProject
Project("{9A19103F-16F7-4668-BE54-9A1E7A4F7556}") = "MyWeapon.Shared", "MyWeapon.Shared\MyWeapon.Shared.csproj", "{2D703E32-8EE2-4927-ACE2-8BFE6D59B37B}"
EndProject
Project("{9A19103F-16F7-4668-BE54-9A1E7A4F7556}") = "MyWeapon.Domain", "MyWeapon.Domain\MyWeapon.Domain.csproj", "{C15DC951-05C4-434F-A4F2-4A48BF761563}"
EndProject
Project("{9A19103F-16F7-4668-BE54-9A1E7A4F7556}") = "MyWeapon.Common", "MyWeapon.Common\MyWeapon.Common.csproj", "{121949EF-535A-498B-A44A-ACF9970010A2}"
EndProject
Project("{9A19103F-16F7-4668-BE54-9A1E7A4F7556}") = "MyWeapon.Data", "MyWeapon.Data\MyWeapon.Data.csproj", "{1ECD7A93-3290-4FE7-B5BE-12ED44FF2D74}"
EndProject
Project("{FAE04EC0-301F-11D3-BF4B-00C04F79EFBC}") = "MyWeapon.Manager", "MyWeapon.Manager\MyWeapon.Manager.csproj", "{5DAC20AE-936B-4199-8D80-17DE08D993C3}"
EndProject
Global
	GlobalSection(SolutionConfigurationPlatforms) = preSolution
		Debug|Any CPU = Debug|Any CPU
		Release|Any CPU = Release|Any CPU
	EndGlobalSection
	GlobalSection(ProjectConfigurationPlatforms) = postSolution
		{EEED0119-322E-4F44-9A56-B8A502AAEF66}.Debug|Any CPU.ActiveCfg = Debug|Any CPU
		{EEED0119-322E-4F44-9A56-B8A502AAEF66}.Debug|Any CPU.Build.0 = Debug|Any CPU
		{EEED0119-322E-4F44-9A56-B8A502AAEF66}.Release|Any CPU.ActiveCfg = Release|Any CPU
		{EEED0119-322E-4F44-9A56-B8A502AAEF66}.Release|Any CPU.Build.0 = Release|Any CPU
		{2D703E32-8EE2-4927-ACE2-8BFE6D59B37B}.Debug|Any CPU.ActiveCfg = Debug|Any CPU
		{2D703E32-8EE2-4927-ACE2-8BFE6D59B37B}.Debug|Any CPU.Build.0 = Debug|Any CPU
		{2D703E32-8EE2-4927-ACE2-8BFE6D59B37B}.Release|Any CPU.ActiveCfg = Release|Any CPU
		{2D703E32-8EE2-4927-ACE2-8BFE6D59B37B}.Release|Any CPU.Build.0 = Release|Any CPU
		{C15DC951-05C4-434F-A4F2-4A48BF761563}.Debug|Any CPU.ActiveCfg = Debug|Any CPU
		{C15DC951-05C4-434F-A4F2-4A48BF761563}.Debug|Any CPU.Build.0 = Debug|Any CPU
		{C15DC951-05C4-434F-A4F2-4A48BF761563}.Release|Any CPU.ActiveCfg = Release|Any CPU
		{C15DC951-05C4-434F-A4F2-4A48BF761563}.Release|Any CPU.Build.0 = Release|Any CPU
		{121949EF-535A-498B-A44A-ACF9970010A2}.Debug|Any CPU.ActiveCfg = Debug|Any CPU
		{121949EF-535A-498B-A44A-ACF9970010A2}.Debug|Any CPU.Build.0 = Debug|Any CPU
		{121949EF-535A-498B-A44A-ACF9970010A2}.Release|Any CPU.ActiveCfg = Release|Any CPU
		{121949EF-535A-498B-A44A-ACF9970010A2}.Release|Any CPU.Build.0 = Release|Any CPU
		{1ECD7A93-3290-4FE7-B5BE-12ED44FF2D74}.Debug|Any CPU.ActiveCfg = Debug|Any CPU
		{1ECD7A93-3290-4FE7-B5BE-12ED44FF2D74}.Debug|Any CPU.Build.0 = Debug|Any CPU
		{1ECD7A93-3290-4FE7-B5BE-12ED44FF2D74}.Release|Any CPU.ActiveCfg = Release|Any CPU
		{1ECD7A93-3290-4FE7-B5BE-12ED44FF2D74}.Release|Any CPU.Build.0 = Release|Any CPU
		{5DAC20AE-936B-4199-8D80-17DE08D993C3}.Debug|Any CPU.ActiveCfg = Debug|Any CPU
		{5DAC20AE-936B-4199-8D80-17DE08D993C3}.Debug|Any CPU.Build.0 = Debug|Any CPU
		{5DAC20AE-936B-4199-8D80-17DE08D993C3}.Release|Any CPU.ActiveCfg = Release|Any CPU
		{5DAC20AE-936B-4199-8D80-17DE08D993C3}.Release|Any CPU.Build.0 = Release|Any CPU
	EndGlobalSection
	GlobalSection(SolutionProperties) = preSolution
		HideSolutionNode = FALSE
	EndGlobalSection
	GlobalSection(ExtensibilityGlobals) = postSolution
		SolutionGuid = {CB2A001F-A13D-4270-9BF9-E32ADDB99201}
	EndGlobalSection
EndGlobal
